
Microsoft Visual Studio Solution File, Format Version 12.00
# Visual Studio Version 17
VisualStudioVersion = 17.8.34525.116
MinimumVisualStudioVersion = 10.0.40219.1
Project("{FAE04EC0-301F-11D3-BF4B-00C04F79EFBC}") = "E-Learner", "E-Learner\E-Learner.csproj", "{CA016DEE-3365-48D3-A65E-74386CA8683F}"
EndProject
Global
	GlobalSection(SolutionConfigurationPlatforms) = preSolution
		Debug|Any CPU = Debug|Any CPU
		Release|Any CPU = Release|Any CPU
	EndGlobalSection
	GlobalSection(ProjectConfigurationPlatforms) = postSolution
		{CA016DEE-3365-48D3-A65E-74386CA8683F}.Debug|Any CPU.ActiveCfg = Debug|Any CPU
		{CA016DEE-3365-48D3-A65E-74386CA8683F}.Debug|Any CPU.Build.0 = Debug|Any CPU
		{CA016DEE-3365-48D3-A65E-74386CA8683F}.Release|Any CPU.ActiveCfg = Release|Any CPU
		{CA016DEE-3365-48D3-A65E-74386CA8683F}.Release|Any CPU.Build.0 = Release|Any CPU
	EndGlobalSection
	GlobalSection(SolutionProperties) = preSolution
		HideSolutionNode = FALSE
	EndGlobalSection
	GlobalSection(ExtensibilityGlobals) = postSolution
		SolutionGuid = {2958B49B-4120-4733-B1CE-DBDA89230BA8}
	EndGlobalSection
EndGlobal
